
Microsoft Visual Studio Solution File, Format Version 12.00
# Visual Studio 2013
VisualStudioVersion = 12.0.30110.0
MinimumVisualStudioVersion = 10.0.40219.1
Project("{8BC9CEB8-8B4A-11D0-8D11-00A0C91BC942}") = "SurfCascade", "SurfCascade\SurfCascade.vcxproj", "{C3C0D677-98D1-49BE-BF0C-3E7EB06CADAD}"
EndProject
Project("{8BC9CEB8-8B4A-11D0-8D11-00A0C91BC942}") = "TestLogisticRegression", "TestLogisticRegression\TestLogisticRegression.vcxproj", "{A14BCC03-6C65-4393-AA46-C35F429245AA}"
EndProject
Global
	GlobalSection(SolutionConfigurationPlatforms) = preSolution
		Debug|Mixed Platforms = Debug|Mixed Platforms
		Debug|Win32 = Debug|Win32
		Debug|x64 = Debug|x64
		Release|Mixed Platforms = Release|Mixed Platforms
		Release|Win32 = Release|Win32
		Release|x64 = Release|x64
	EndGlobalSection
	GlobalSection(ProjectConfigurationPlatforms) = postSolution
		{C3C0D677-98D1-49BE-BF0C-3E7EB06CADAD}.Debug|Mixed Platforms.ActiveCfg = Debug|x64
		{C3C0D677-98D1-49BE-BF0C-3E7EB06CADAD}.Debug|Mixed Platforms.Build.0 = Debug|x64
		{C3C0D677-98D1-49BE-BF0C-3E7EB06CADAD}.Debug|Win32.ActiveCfg = Debug|x64
		{C3C0D677-98D1-49BE-BF0C-3E7EB06CADAD}.Debug|x64.ActiveCfg = Debug|x64
		{C3C0D677-98D1-49BE-BF0C-3E7EB06CADAD}.Debug|x64.Build.0 = Debug|x64
		{C3C0D677-98D1-49BE-BF0C-3E7EB06CADAD}.Release|Mixed Platforms.ActiveCfg = Release|x64
		{C3C0D677-98D1-49BE-BF0C-3E7EB06CADAD}.Release|Mixed Platforms.Build.0 = Release|x64
		{C3C0D677-98D1-49BE-BF0C-3E7EB06CADAD}.Release|Win32.ActiveCfg = Release|x64
		{C3C0D677-98D1-49BE-BF0C-3E7EB06CADAD}.Release|x64.ActiveCfg = Release|x64
		{C3C0D677-98D1-49BE-BF0C-3E7EB06CADAD}.Release|x64.Build.0 = Release|x64
		{A14BCC03-6C65-4393-AA46-C35F429245AA}.Debug|Mixed Platforms.ActiveCfg = Debug|x64
		{A14BCC03-6C65-4393-AA46-C35F429245AA}.Debug|Mixed Platforms.Build.0 = Debug|x64
		{A14BCC03-6C65-4393-AA46-C35F429245AA}.Debug|Win32.ActiveCfg = Debug|x64
		{A14BCC03-6C65-4393-AA46-C35F429245AA}.Debug|x64.ActiveCfg = Debug|x64
		{A14BCC03-6C65-4393-AA46-C35F429245AA}.Debug|x64.Build.0 = Debug|x64
		{A14BCC03-6C65-4393-AA46-C35F429245AA}.Release|Mixed Platforms.ActiveCfg = Release|x64
		{A14BCC03-6C65-4393-AA46-C35F429245AA}.Release|Mixed Platforms.Build.0 = Release|x64
		{A14BCC03-6C65-4393-AA46-C35F429245AA}.Release|Win32.ActiveCfg = Release|x64
		{A14BCC03-6C65-4393-AA46-C35F429245AA}.Release|x64.ActiveCfg = Release|x64
	EndGlobalSection
	GlobalSection(SolutionProperties) = preSolution
		HideSolutionNode = FALSE
	EndGlobalSection
EndGlobal
