
Microsoft Visual Studio Solution File, Format Version 12.00
# Visual Studio 2013
VisualStudioVersion = 12.0.30110.0
MinimumVisualStudioVersion = 10.0.40219.1
Project("{8BC9CEB8-8B4A-11D0-8D11-00A0C91BC942}") = "ObjDetector", "ObjDetector\ObjDetector.vcxproj", "{C3C0D677-98D1-49BE-BF0C-3E7EB06CADAD}"
	ProjectSection(ProjectDependencies) = postProject
		{A0C36CE7-D908-4573-8B69-249EEEB7D2BE} = {A0C36CE7-D908-4573-8B69-249EEEB7D2BE}
	EndProjectSection
EndProject
Project("{8BC9CEB8-8B4A-11D0-8D11-00A0C91BC942}") = "libconfig++", "libconfig\libconfig++.vcxproj", "{A0C36CE7-D908-4573-8B69-249EEEB7D2BE}"
EndProject
Project("{8BC9CEB8-8B4A-11D0-8D11-00A0C91BC942}") = "liblinear", "liblinear\liblinear.vcxproj", "{953B381C-7D2B-44EF-975D-9594F9582F31}"
EndProject
Project("{2150E333-8FDC-42A3-9474-1A3956D46DE8}") = "Solution Items", "Solution Items", "{04E4E2D6-EBAD-41CD-B19D-DF78E268025B}"
	ProjectSection(SolutionItems) = preProject
		Performance1.psess = Performance1.psess
	EndProjectSection
EndProject
Global
	GlobalSection(SolutionConfigurationPlatforms) = preSolution
		Debug|Mixed Platforms = Debug|Mixed Platforms
		Debug|Win32 = Debug|Win32
		Debug|x64 = Debug|x64
		Release|Mixed Platforms = Release|Mixed Platforms
		Release|Win32 = Release|Win32
		Release|x64 = Release|x64
	EndGlobalSection
	GlobalSection(ProjectConfigurationPlatforms) = postSolution
		{C3C0D677-98D1-49BE-BF0C-3E7EB06CADAD}.Debug|Mixed Platforms.ActiveCfg = Debug|x64
		{C3C0D677-98D1-49BE-BF0C-3E7EB06CADAD}.Debug|Mixed Platforms.Build.0 = Debug|x64
		{C3C0D677-98D1-49BE-BF0C-3E7EB06CADAD}.Debug|Win32.ActiveCfg = Debug|x64
		{C3C0D677-98D1-49BE-BF0C-3E7EB06CADAD}.Debug|x64.ActiveCfg = Debug|x64
		{C3C0D677-98D1-49BE-BF0C-3E7EB06CADAD}.Debug|x64.Build.0 = Debug|x64
		{C3C0D677-98D1-49BE-BF0C-3E7EB06CADAD}.Release|Mixed Platforms.ActiveCfg = Release|x64
		{C3C0D677-98D1-49BE-BF0C-3E7EB06CADAD}.Release|Mixed Platforms.Build.0 = Release|x64
		{C3C0D677-98D1-49BE-BF0C-3E7EB06CADAD}.Release|Win32.ActiveCfg = Release|x64
		{C3C0D677-98D1-49BE-BF0C-3E7EB06CADAD}.Release|x64.ActiveCfg = Release|x64
		{C3C0D677-98D1-49BE-BF0C-3E7EB06CADAD}.Release|x64.Build.0 = Release|x64
		{A0C36CE7-D908-4573-8B69-249EEEB7D2BE}.Debug|Mixed Platforms.ActiveCfg = Debug|x64
		{A0C36CE7-D908-4573-8B69-249EEEB7D2BE}.Debug|Mixed Platforms.Build.0 = Debug|x64
		{A0C36CE7-D908-4573-8B69-249EEEB7D2BE}.Debug|Win32.ActiveCfg = Debug|x64
		{A0C36CE7-D908-4573-8B69-249EEEB7D2BE}.Debug|x64.ActiveCfg = Debug|x64
		{A0C36CE7-D908-4573-8B69-249EEEB7D2BE}.Debug|x64.Build.0 = Debug|x64
		{A0C36CE7-D908-4573-8B69-249EEEB7D2BE}.Release|Mixed Platforms.ActiveCfg = Release|x64
		{A0C36CE7-D908-4573-8B69-249EEEB7D2BE}.Release|Mixed Platforms.Build.0 = Release|x64
		{A0C36CE7-D908-4573-8B69-249EEEB7D2BE}.Release|Win32.ActiveCfg = Release|x64
		{A0C36CE7-D908-4573-8B69-249EEEB7D2BE}.Release|x64.ActiveCfg = Release|x64
		{A0C36CE7-D908-4573-8B69-249EEEB7D2BE}.Release|x64.Build.0 = Release|x64
		{953B381C-7D2B-44EF-975D-9594F9582F31}.Debug|Mixed Platforms.ActiveCfg = Debug|x64
		{953B381C-7D2B-44EF-975D-9594F9582F31}.Debug|Mixed Platforms.Build.0 = Debug|x64
		{953B381C-7D2B-44EF-975D-9594F9582F31}.Debug|Win32.ActiveCfg = Debug|x64
		{953B381C-7D2B-44EF-975D-9594F9582F31}.Debug|x64.ActiveCfg = Debug|x64
		{953B381C-7D2B-44EF-975D-9594F9582F31}.Debug|x64.Build.0 = Debug|x64
		{953B381C-7D2B-44EF-975D-9594F9582F31}.Release|Mixed Platforms.ActiveCfg = Release|x64
		{953B381C-7D2B-44EF-975D-9594F9582F31}.Release|Mixed Platforms.Build.0 = Release|x64
		{953B381C-7D2B-44EF-975D-9594F9582F31}.Release|Win32.ActiveCfg = Release|x64
		{953B381C-7D2B-44EF-975D-9594F9582F31}.Release|x64.ActiveCfg = Release|x64
		{953B381C-7D2B-44EF-975D-9594F9582F31}.Release|x64.Build.0 = Release|x64
	EndGlobalSection
	GlobalSection(SolutionProperties) = preSolution
		HideSolutionNode = FALSE
	EndGlobalSection
	GlobalSection(Performance) = preSolution
		HasPerformanceSessions = true
	EndGlobalSection
EndGlobal
